// !$*UTF8*$!
{
	archiveVersion = 1;
	classes = {
	};
	objectVersion = 48;
	objects = {

/* Begin PBXBuildFile section */
		485D8F518AA95BFA7470B514 /* Pods_GitHubSearch.framework in Frameworks */ = {isa = PBXBuildFile; fileRef = 5E76DE52F63E397C0F77743D /* Pods_GitHubSearch.framework */; };
		9D3F8580209870DA002AD603 /* TestPayload.swift in Sources */ = {isa = PBXBuildFile; fileRef = 9D3F857F209870DA002AD603 /* TestPayload.swift */; };
		9D8287722067BC9D00463FE1 /* SearchRequest.swift in Sources */ = {isa = PBXBuildFile; fileRef = 9D8287712067BC9D00463FE1 /* SearchRequest.swift */; };
		9D9B453D213DF658005BE944 /* GitHubFactory.swift in Sources */ = {isa = PBXBuildFile; fileRef = 9D9B453C213DF658005BE944 /* GitHubFactory.swift */; };
		9DB8675120662F1E0062B396 /* AppDelegate.swift in Sources */ = {isa = PBXBuildFile; fileRef = 9DB8675020662F1E0062B396 /* AppDelegate.swift */; };
		9DB8675320662F1E0062B396 /* ViewController.swift in Sources */ = {isa = PBXBuildFile; fileRef = 9DB8675220662F1E0062B396 /* ViewController.swift */; };
		9DB8675620662F1E0062B396 /* Main.storyboard in Resources */ = {isa = PBXBuildFile; fileRef = 9DB8675420662F1E0062B396 /* Main.storyboard */; };
		9DB8675820662F1E0062B396 /* Assets.xcassets in Resources */ = {isa = PBXBuildFile; fileRef = 9DB8675720662F1E0062B396 /* Assets.xcassets */; };
		9DB8675B20662F1E0062B396 /* LaunchScreen.storyboard in Resources */ = {isa = PBXBuildFile; fileRef = 9DB8675920662F1E0062B396 /* LaunchScreen.storyboard */; };
		9DB867632066304C0062B396 /* NetworkManager.swift in Sources */ = {isa = PBXBuildFile; fileRef = 9DB867622066304C0062B396 /* NetworkManager.swift */; };
		9DB86765206632490062B396 /* GitHubService.swift in Sources */ = {isa = PBXBuildFile; fileRef = 9DB86764206632490062B396 /* GitHubService.swift */; };
		9DB86767206633A10062B396 /* ViewModel.swift in Sources */ = {isa = PBXBuildFile; fileRef = 9DB86766206633A10062B396 /* ViewModel.swift */; };
		9DB86769206636D40062B396 /* SearchResponse.swift in Sources */ = {isa = PBXBuildFile; fileRef = 9DB86768206636D40062B396 /* SearchResponse.swift */; };
/* End PBXBuildFile section */

/* Begin PBXFileReference section */
		5E76DE52F63E397C0F77743D /* Pods_GitHubSearch.framework */ = {isa = PBXFileReference; explicitFileType = wrapper.framework; includeInIndex = 0; path = Pods_GitHubSearch.framework; sourceTree = BUILT_PRODUCTS_DIR; };
		759FF40B57FA8C2C2E8ECD58 /* Pods-GitHubSearch.debug.xcconfig */ = {isa = PBXFileReference; includeInIndex = 1; lastKnownFileType = text.xcconfig; name = "Pods-GitHubSearch.debug.xcconfig"; path = "Pods/Target Support Files/Pods-GitHubSearch/Pods-GitHubSearch.debug.xcconfig"; sourceTree = "<group>"; };
		9D3F857F209870DA002AD603 /* TestPayload.swift */ = {isa = PBXFileReference; lastKnownFileType = sourcecode.swift; path = TestPayload.swift; sourceTree = "<group>"; };
		9D8287712067BC9D00463FE1 /* SearchRequest.swift */ = {isa = PBXFileReference; lastKnownFileType = sourcecode.swift; path = SearchRequest.swift; sourceTree = "<group>"; };
		9D9B453C213DF658005BE944 /* GitHubFactory.swift */ = {isa = PBXFileReference; fileEncoding = 4; lastKnownFileType = sourcecode.swift; path = GitHubFactory.swift; sourceTree = "<group>"; };
		9DB8674D20662F1E0062B396 /* GitHubSearch.app */ = {isa = PBXFileReference; explicitFileType = wrapper.application; includeInIndex = 0; path = GitHubSearch.app; sourceTree = BUILT_PRODUCTS_DIR; };
		9DB8675020662F1E0062B396 /* AppDelegate.swift */ = {isa = PBXFileReference; lastKnownFileType = sourcecode.swift; path = AppDelegate.swift; sourceTree = "<group>"; };
		9DB8675220662F1E0062B396 /* ViewController.swift */ = {isa = PBXFileReference; lastKnownFileType = sourcecode.swift; path = ViewController.swift; sourceTree = "<group>"; };
		9DB8675520662F1E0062B396 /* Base */ = {isa = PBXFileReference; lastKnownFileType = file.storyboard; name = Base; path = Base.lproj/Main.storyboard; sourceTree = "<group>"; };
		9DB8675720662F1E0062B396 /* Assets.xcassets */ = {isa = PBXFileReference; lastKnownFileType = folder.assetcatalog; path = Assets.xcassets; sourceTree = "<group>"; };
		9DB8675A20662F1E0062B396 /* Base */ = {isa = PBXFileReference; lastKnownFileType = file.storyboard; name = Base; path = Base.lproj/LaunchScreen.storyboard; sourceTree = "<group>"; };
		9DB8675C20662F1E0062B396 /* Info.plist */ = {isa = PBXFileReference; lastKnownFileType = text.plist.xml; path = Info.plist; sourceTree = "<group>"; };
		9DB867622066304C0062B396 /* NetworkManager.swift */ = {isa = PBXFileReference; lastKnownFileType = sourcecode.swift; path = NetworkManager.swift; sourceTree = "<group>"; };
		9DB86764206632490062B396 /* GitHubService.swift */ = {isa = PBXFileReference; lastKnownFileType = sourcecode.swift; path = GitHubService.swift; sourceTree = "<group>"; };
		9DB86766206633A10062B396 /* ViewModel.swift */ = {isa = PBXFileReference; lastKnownFileType = sourcecode.swift; path = ViewModel.swift; sourceTree = "<group>"; };
		9DB86768206636D40062B396 /* SearchResponse.swift */ = {isa = PBXFileReference; lastKnownFileType = sourcecode.swift; path = SearchResponse.swift; sourceTree = "<group>"; };
		AEEBC0EAE2483DBF9FFF6878 /* Pods-GitHubSearch.release.xcconfig */ = {isa = PBXFileReference; includeInIndex = 1; lastKnownFileType = text.xcconfig; name = "Pods-GitHubSearch.release.xcconfig"; path = "Pods/Target Support Files/Pods-GitHubSearch/Pods-GitHubSearch.release.xcconfig"; sourceTree = "<group>"; };
/* End PBXFileReference section */

/* Begin PBXFrameworksBuildPhase section */
		9DB8674A20662F1E0062B396 /* Frameworks */ = {
			isa = PBXFrameworksBuildPhase;
			buildActionMask = 2147483647;
			files = (
				485D8F518AA95BFA7470B514 /* Pods_GitHubSearch.framework in Frameworks */,
			);
			runOnlyForDeploymentPostprocessing = 0;
		};
/* End PBXFrameworksBuildPhase section */

/* Begin PBXGroup section */
		9DB8674420662F1E0062B396 = {
			isa = PBXGroup;
			children = (
				9DB8674F20662F1E0062B396 /* GitHubSearch */,
				9DB8674E20662F1E0062B396 /* Products */,
				E6264ADE6F50301472D1A8C1 /* Pods */,
				C9B3DABACF3D251346A8ECCC /* Frameworks */,
			);
			sourceTree = "<group>";
		};
		9DB8674E20662F1E0062B396 /* Products */ = {
			isa = PBXGroup;
			children = (
				9DB8674D20662F1E0062B396 /* GitHubSearch.app */,
			);
			name = Products;
			sourceTree = "<group>";
		};
		9DB8674F20662F1E0062B396 /* GitHubSearch */ = {
			isa = PBXGroup;
			children = (
				9D9B453C213DF658005BE944 /* GitHubFactory.swift */,
				9DB867622066304C0062B396 /* NetworkManager.swift */,
				9DB86764206632490062B396 /* GitHubService.swift */,
				9DB8675220662F1E0062B396 /* ViewController.swift */,
				9DB86766206633A10062B396 /* ViewModel.swift */,
				9DB8675020662F1E0062B396 /* AppDelegate.swift */,
				9DB8675420662F1E0062B396 /* Main.storyboard */,
				9DB8675720662F1E0062B396 /* Assets.xcassets */,
				9DB8675920662F1E0062B396 /* LaunchScreen.storyboard */,
				9DB8675C20662F1E0062B396 /* Info.plist */,
				9DB86768206636D40062B396 /* SearchResponse.swift */,
				9D8287712067BC9D00463FE1 /* SearchRequest.swift */,
				9D3F857F209870DA002AD603 /* TestPayload.swift */,
			);
			path = GitHubSearch;
			sourceTree = "<group>";
		};
		C9B3DABACF3D251346A8ECCC /* Frameworks */ = {
			isa = PBXGroup;
			children = (
				5E76DE52F63E397C0F77743D /* Pods_GitHubSearch.framework */,
			);
			name = Frameworks;
			sourceTree = "<group>";
		};
		E6264ADE6F50301472D1A8C1 /* Pods */ = {
			isa = PBXGroup;
			children = (
				759FF40B57FA8C2C2E8ECD58 /* Pods-GitHubSearch.debug.xcconfig */,
				AEEBC0EAE2483DBF9FFF6878 /* Pods-GitHubSearch.release.xcconfig */,
			);
			name = Pods;
			sourceTree = "<group>";
		};
/* End PBXGroup section */

/* Begin PBXNativeTarget section */
		9DB8674C20662F1E0062B396 /* GitHubSearch */ = {
			isa = PBXNativeTarget;
			buildConfigurationList = 9DB8675F20662F1E0062B396 /* Build configuration list for PBXNativeTarget "GitHubSearch" */;
			buildPhases = (
				AA528D0E14A7A8CB5B725BC6 /* [CP] Check Pods Manifest.lock */,
				9D2CD210206E884D00653DA8 /* Deli Script */,
				9DB8674920662F1E0062B396 /* Sources */,
				9DB8674A20662F1E0062B396 /* Frameworks */,
				9DB8674B20662F1E0062B396 /* Resources */,
				14FBE2CA13F40A297669ACC7 /* [CP] Embed Pods Frameworks */,
			);
			buildRules = (
			);
			dependencies = (
			);
			name = GitHubSearch;
			productName = GitHubSearch;
			productReference = 9DB8674D20662F1E0062B396 /* GitHubSearch.app */;
			productType = "com.apple.product-type.application";
		};
/* End PBXNativeTarget section */

/* Begin PBXProject section */
		9DB8674520662F1E0062B396 /* Project object */ = {
			isa = PBXProject;
			attributes = {
				LastSwiftUpdateCheck = 0920;
				LastUpgradeCheck = 0920;
				ORGANIZATIONNAME = Kawoou;
				TargetAttributes = {
					9DB8674C20662F1E0062B396 = {
						CreatedOnToolsVersion = 9.2;
						ProvisioningStyle = Automatic;
					};
				};
			};
			buildConfigurationList = 9DB8674820662F1E0062B396 /* Build configuration list for PBXProject "GitHubSearch" */;
			compatibilityVersion = "Xcode 8.0";
			developmentRegion = en;
			hasScannedForEncodings = 0;
			knownRegions = (
				en,
				Base,
			);
			mainGroup = 9DB8674420662F1E0062B396;
			productRefGroup = 9DB8674E20662F1E0062B396 /* Products */;
			projectDirPath = "";
			projectRoot = "";
			targets = (
				9DB8674C20662F1E0062B396 /* GitHubSearch */,
			);
		};
/* End PBXProject section */

/* Begin PBXResourcesBuildPhase section */
		9DB8674B20662F1E0062B396 /* Resources */ = {
			isa = PBXResourcesBuildPhase;
			buildActionMask = 2147483647;
			files = (
				9DB8675B20662F1E0062B396 /* LaunchScreen.storyboard in Resources */,
				9DB8675820662F1E0062B396 /* Assets.xcassets in Resources */,
				9DB8675620662F1E0062B396 /* Main.storyboard in Resources */,
			);
			runOnlyForDeploymentPostprocessing = 0;
		};
/* End PBXResourcesBuildPhase section */

/* Begin PBXShellScriptBuildPhase section */
		14FBE2CA13F40A297669ACC7 /* [CP] Embed Pods Frameworks */ = {
			isa = PBXShellScriptBuildPhase;
			buildActionMask = 2147483647;
			files = (
			);
			inputPaths = (
				"${PODS_ROOT}/Target Support Files/Pods-GitHubSearch/Pods-GitHubSearch-frameworks.sh",
				"${BUILT_PRODUCTS_DIR}/Deli/Deli.framework",
				"${BUILT_PRODUCTS_DIR}/RxCocoa/RxCocoa.framework",
				"${BUILT_PRODUCTS_DIR}/RxOptional/RxOptional.framework",
				"${BUILT_PRODUCTS_DIR}/RxSwift/RxSwift.framework",
			);
			name = "[CP] Embed Pods Frameworks";
			outputPaths = (
				"${TARGET_BUILD_DIR}/${FRAMEWORKS_FOLDER_PATH}/Deli.framework",
				"${TARGET_BUILD_DIR}/${FRAMEWORKS_FOLDER_PATH}/RxCocoa.framework",
				"${TARGET_BUILD_DIR}/${FRAMEWORKS_FOLDER_PATH}/RxOptional.framework",
				"${TARGET_BUILD_DIR}/${FRAMEWORKS_FOLDER_PATH}/RxSwift.framework",
			);
			runOnlyForDeploymentPostprocessing = 0;
			shellPath = /bin/sh;
			shellScript = "\"${PODS_ROOT}/Target Support Files/Pods-GitHubSearch/Pods-GitHubSearch-frameworks.sh\"\n";
			showEnvVarsInLog = 0;
		};
		9D2CD210206E884D00653DA8 /* Deli Script */ = {
			isa = PBXShellScriptBuildPhase;
			buildActionMask = 2147483647;
			files = (
			);
			inputPaths = (
			);
			name = "Deli Script";
			outputPaths = (
			);
			runOnlyForDeploymentPostprocessing = 0;
			shellPath = /bin/sh;
			shellScript = "\"${PODS_ROOT}/DeliBinary/deli\" build\n";
		};
		AA528D0E14A7A8CB5B725BC6 /* [CP] Check Pods Manifest.lock */ = {
			isa = PBXShellScriptBuildPhase;
			buildActionMask = 2147483647;
			files = (
			);
			inputPaths = (
				"${PODS_PODFILE_DIR_PATH}/Podfile.lock",
				"${PODS_ROOT}/Manifest.lock",
			);
			name = "[CP] Check Pods Manifest.lock";
			outputPaths = (
				"$(DERIVED_FILE_DIR)/Pods-GitHubSearch-checkManifestLockResult.txt",
			);
			runOnlyForDeploymentPostprocessing = 0;
			shellPath = /bin/sh;
			shellScript = "diff \"${PODS_PODFILE_DIR_PATH}/Podfile.lock\" \"${PODS_ROOT}/Manifest.lock\" > /dev/null\nif [ $? != 0 ] ; then\n    # print error to STDERR\n    echo \"error: The sandbox is not in sync with the Podfile.lock. Run 'pod install' or update your CocoaPods installation.\" >&2\n    exit 1\nfi\n# This output is used by Xcode 'outputs' to avoid re-running this script phase.\necho \"SUCCESS\" > \"${SCRIPT_OUTPUT_FILE_0}\"\n";
			showEnvVarsInLog = 0;
		};
/* End PBXShellScriptBuildPhase section */

/* Begin PBXSourcesBuildPhase section */
		9DB8674920662F1E0062B396 /* Sources */ = {
			isa = PBXSourcesBuildPhase;
			buildActionMask = 2147483647;
			files = (
				9DB86767206633A10062B396 /* ViewModel.swift in Sources */,
				9DB867632066304C0062B396 /* NetworkManager.swift in Sources */,
				9DB8675320662F1E0062B396 /* ViewController.swift in Sources */,
				9DB86765206632490062B396 /* GitHubService.swift in Sources */,
				9D8287722067BC9D00463FE1 /* SearchRequest.swift in Sources */,
				9D3F8580209870DA002AD603 /* TestPayload.swift in Sources */,
				9DB86769206636D40062B396 /* SearchResponse.swift in Sources */,
				9DB8675120662F1E0062B396 /* AppDelegate.swift in Sources */,
				9D9B453D213DF658005BE944 /* GitHubFactory.swift in Sources */,
			);
			runOnlyForDeploymentPostprocessing = 0;
		};
/* End PBXSourcesBuildPhase section */

/* Begin PBXVariantGroup section */
		9DB8675420662F1E0062B396 /* Main.storyboard */ = {
			isa = PBXVariantGroup;
			children = (
				9DB8675520662F1E0062B396 /* Base */,
			);
			name = Main.storyboard;
			sourceTree = "<group>";
		};
		9DB8675920662F1E0062B396 /* LaunchScreen.storyboard */ = {
			isa = PBXVariantGroup;
			children = (
				9DB8675A20662F1E0062B396 /* Base */,
			);
			name = LaunchScreen.storyboard;
			sourceTree = "<group>";
		};
/* End PBXVariantGroup section */

/* Begin XCBuildConfiguration section */
		9DB8675D20662F1E0062B396 /* Debug */ = {
			isa = XCBuildConfiguration;
			buildSettings = {
				ALWAYS_SEARCH_USER_PATHS = NO;
				CLANG_ANALYZER_NONNULL = YES;
				CLANG_ANALYZER_NUMBER_OBJECT_CONVERSION = YES_AGGRESSIVE;
				CLANG_CXX_LANGUAGE_STANDARD = "gnu++14";
				CLANG_CXX_LIBRARY = "libc++";
				CLANG_ENABLE_MODULES = YES;
				CLANG_ENABLE_OBJC_ARC = YES;
				CLANG_WARN_BLOCK_CAPTURE_AUTORELEASING = YES;
				CLANG_WARN_BOOL_CONVERSION = YES;
				CLANG_WARN_COMMA = YES;
				CLANG_WARN_CONSTANT_CONVERSION = YES;
				CLANG_WARN_DIRECT_OBJC_ISA_USAGE = YES_ERROR;
				CLANG_WARN_DOCUMENTATION_COMMENTS = YES;
				CLANG_WARN_EMPTY_BODY = YES;
				CLANG_WARN_ENUM_CONVERSION = YES;
				CLANG_WARN_INFINITE_RECURSION = YES;
				CLANG_WARN_INT_CONVERSION = YES;
				CLANG_WARN_NON_LITERAL_NULL_CONVERSION = YES;
				CLANG_WARN_OBJC_LITERAL_CONVERSION = YES;
				CLANG_WARN_OBJC_ROOT_CLASS = YES_ERROR;
				CLANG_WARN_RANGE_LOOP_ANALYSIS = YES;
				CLANG_WARN_STRICT_PROTOTYPES = YES;
				CLANG_WARN_SUSPICIOUS_MOVE = YES;
				CLANG_WARN_UNGUARDED_AVAILABILITY = YES_AGGRESSIVE;
				CLANG_WARN_UNREACHABLE_CODE = YES;
				CLANG_WARN__DUPLICATE_METHOD_MATCH = YES;
				CODE_SIGN_IDENTITY = "iPhone Developer";
				COPY_PHASE_STRIP = NO;
				DEBUG_INFORMATION_FORMAT = dwarf;
				ENABLE_STRICT_OBJC_MSGSEND = YES;
				ENABLE_TESTABILITY = YES;
				GCC_C_LANGUAGE_STANDARD = gnu11;
				GCC_DYNAMIC_NO_PIC = NO;
				GCC_NO_COMMON_BLOCKS = YES;
				GCC_OPTIMIZATION_LEVEL = 0;
				GCC_PREPROCESSOR_DEFINITIONS = (
					"DEBUG=1",
					"$(inherited)",
				);
				GCC_WARN_64_TO_32_BIT_CONVERSION = YES;
				GCC_WARN_ABOUT_RETURN_TYPE = YES_ERROR;
				GCC_WARN_UNDECLARED_SELECTOR = YES;
				GCC_WARN_UNINITIALIZED_AUTOS = YES_AGGRESSIVE;
				GCC_WARN_UNUSED_FUNCTION = YES;
				GCC_WARN_UNUSED_VARIABLE = YES;
				IPHONEOS_DEPLOYMENT_TARGET = 11.2;
				MTL_ENABLE_DEBUG_INFO = YES;
				ONLY_ACTIVE_ARCH = YES;
				SDKROOT = iphoneos;
				SWIFT_ACTIVE_COMPILATION_CONDITIONS = DEBUG;
				SWIFT_OPTIMIZATION_LEVEL = "-Onone";
			};
			name = Debug;
		};
		9DB8675E20662F1E0062B396 /* Release */ = {
			isa = XCBuildConfiguration;
			buildSettings = {
				ALWAYS_SEARCH_USER_PATHS = NO;
				CLANG_ANALYZER_NONNULL = YES;
				CLANG_ANALYZER_NUMBER_OBJECT_CONVERSION = YES_AGGRESSIVE;
				CLANG_CXX_LANGUAGE_STANDARD = "gnu++14";
				CLANG_CXX_LIBRARY = "libc++";
				CLANG_ENABLE_MODULES = YES;
				CLANG_ENABLE_OBJC_ARC = YES;
				CLANG_WARN_BLOCK_CAPTURE_AUTORELEASING = YES;
				CLANG_WARN_BOOL_CONVERSION = YES;
				CLANG_WARN_COMMA = YES;
				CLANG_WARN_CONSTANT_CONVERSION = YES;
				CLANG_WARN_DIRECT_OBJC_ISA_USAGE = YES_ERROR;
				CLANG_WARN_DOCUMENTATION_COMMENTS = YES;
				CLANG_WARN_EMPTY_BODY = YES;
				CLANG_WARN_ENUM_CONVERSION = YES;
				CLANG_WARN_INFINITE_RECURSION = YES;
				CLANG_WARN_INT_CONVERSION = YES;
				CLANG_WARN_NON_LITERAL_NULL_CONVERSION = YES;
				CLANG_WARN_OBJC_LITERAL_CONVERSION = YES;
				CLANG_WARN_OBJC_ROOT_CLASS = YES_ERROR;
				CLANG_WARN_RANGE_LOOP_ANALYSIS = YES;
				CLANG_WARN_STRICT_PROTOTYPES = YES;
				CLANG_WARN_SUSPICIOUS_MOVE = YES;
				CLANG_WARN_UNGUARDED_AVAILABILITY = YES_AGGRESSIVE;
				CLANG_WARN_UNREACHABLE_CODE = YES;
				CLANG_WARN__DUPLICATE_METHOD_MATCH = YES;
				CODE_SIGN_IDENTITY = "iPhone Developer";
				COPY_PHASE_STRIP = NO;
				DEBUG_INFORMATION_FORMAT = "dwarf-with-dsym";
				ENABLE_NS_ASSERTIONS = NO;
				ENABLE_STRICT_OBJC_MSGSEND = YES;
				GCC_C_LANGUAGE_STANDARD = gnu11;
				GCC_NO_COMMON_BLOCKS = YES;
				GCC_WARN_64_TO_32_BIT_CONVERSION = YES;
				GCC_WARN_ABOUT_RETURN_TYPE = YES_ERROR;
				GCC_WARN_UNDECLARED_SELECTOR = YES;
				GCC_WARN_UNINITIALIZED_AUTOS = YES_AGGRESSIVE;
				GCC_WARN_UNUSED_FUNCTION = YES;
				GCC_WARN_UNUSED_VARIABLE = YES;
				IPHONEOS_DEPLOYMENT_TARGET = 11.2;
				MTL_ENABLE_DEBUG_INFO = NO;
				SDKROOT = iphoneos;
				SWIFT_OPTIMIZATION_LEVEL = "-Owholemodule";
				VALIDATE_PRODUCT = YES;
			};
			name = Release;
		};
		9DB8676020662F1E0062B396 /* Debug */ = {
			isa = XCBuildConfiguration;
			baseConfigurationReference = 759FF40B57FA8C2C2E8ECD58 /* Pods-GitHubSearch.debug.xcconfig */;
			buildSettings = {
				ASSETCATALOG_COMPILER_APPICON_NAME = AppIcon;
				CODE_SIGN_STYLE = Automatic;
				DEVELOPMENT_TEAM = 4U2J29Y5X8;
				INFOPLIST_FILE = GitHubSearch/Info.plist;
				IPHONEOS_DEPLOYMENT_TARGET = 9.0;
				LD_RUNPATH_SEARCH_PATHS = "$(inherited) @executable_path/Frameworks";
				PRODUCT_BUNDLE_IDENTIFIER = io.kawoou.GitHubSearch;
				PRODUCT_NAME = "$(TARGET_NAME)";
				SWIFT_VERSION = 4.0;
				TARGETED_DEVICE_FAMILY = "1,2";
			};
			name = Debug;
		};
		9DB8676120662F1E0062B396 /* Release */ = {
			isa = XCBuildConfiguration;
			baseConfigurationReference = AEEBC0EAE2483DBF9FFF6878 /* Pods-GitHubSearch.release.xcconfig */;
			buildSettings = {
				ASSETCATALOG_COMPILER_APPICON_NAME = AppIcon;
				CODE_SIGN_STYLE = Automatic;
				DEVELOPMENT_TEAM = 4U2J29Y5X8;
				INFOPLIST_FILE = GitHubSearch/Info.plist;
				IPHONEOS_DEPLOYMENT_TARGET = 9.0;
				LD_RUNPATH_SEARCH_PATHS = "$(inherited) @executable_path/Frameworks";
				PRODUCT_BUNDLE_IDENTIFIER = io.kawoou.GitHubSearch;
				PRODUCT_NAME = "$(TARGET_NAME)";
				SWIFT_VERSION = 4.0;
				TARGETED_DEVICE_FAMILY = "1,2";
			};
			name = Release;
		};
/* End XCBuildConfiguration section */

/* Begin XCConfigurationList section */
		9DB8674820662F1E0062B396 /* Build configuration list for PBXProject "GitHubSearch" */ = {
			isa = XCConfigurationList;
			buildConfigurations = (
				9DB8675D20662F1E0062B396 /* Debug */,
				9DB8675E20662F1E0062B396 /* Release */,
			);
			defaultConfigurationIsVisible = 0;
			defaultConfigurationName = Release;
		};
		9DB8675F20662F1E0062B396 /* Build configuration list for PBXNativeTarget "GitHubSearch" */ = {
			isa = XCConfigurationList;
			buildConfigurations = (
				9DB8676020662F1E0062B396 /* Debug */,
				9DB8676120662F1E0062B396 /* Release */,
			);
			defaultConfigurationIsVisible = 0;
			defaultConfigurationName = Release;
		};
/* End XCConfigurationList section */
	};
	rootObject = 9DB8674520662F1E0062B396 /* Project object */;
}
