PODS:
  - Deli (0.4.0):
    - DeliBinary (~> 0.4.0)
  - DeliBinary (0.4.0)

DEPENDENCIES:
  - Deli (from `../../`)

SPEC REPOS:
  https://github.com/cocoapods/specs.git:
    - DeliBinary

EXTERNAL SOURCES:
  Deli:
    :path: "../../"

SPEC CHECKSUMS:
  Deli: a81d4f6bd28eeeaf78f2d69356453e0dc5784f23
  DeliBinary: 436fc858cbd7fd14e88595d4874b4edd1859c7a4

PODFILE CHECKSUM: ba5521b29df867361772305e5c97d9a87fefbf76

COCOAPODS: 1.5.3
