PODS:
  - Deli (0.2.0):
    - DeliBinary (~> 0.2.0)
  - DeliBinary (0.2.0)

DEPENDENCIES:
  - Deli (from `../../`)

EXTERNAL SOURCES:
  Deli:
    :path: ../../

SPEC CHECKSUMS:
  Deli: 8541321c0a25489fa8cc7e254ed195b37bf3b76a
  DeliBinary: 62fffaadd4006523677651b4272a361d97c3c482

PODFILE CHECKSUM: ba5521b29df867361772305e5c97d9a87fefbf76

COCOAPODS: 1.3.1
