// !$*UTF8*$!
{
	archiveVersion = 1;
	classes = {
	};
	objectVersion = 50;
	objects = {

/* Begin PBXBuildFile section */
		18221D464D8ED18D2592C8677532984F /* AccountService.swift in Sources */ = {isa = PBXBuildFile; fileRef = 974DF1712AB936440530D258C2283E5C /* AccountService.swift */; };
		1BD03AD2D1E33B5C125D929C2B04CA8E /* FriendService.swift in Sources */ = {isa = PBXBuildFile; fileRef = D97FFF7E659510B8CDF4DD083BE228C1 /* FriendService.swift */; };
		349F1C05C22BDDFE30608A860FF9272B /* TestViewModel.swift in Sources */ = {isa = PBXBuildFile; fileRef = AB8A423C66F6B5926B7C391999AF2971 /* TestViewModel.swift */; };
		3B7B1139F292080EF521540F9391470A /* MessageService.swift in Sources */ = {isa = PBXBuildFile; fileRef = B67822726F102FDB1F2B850C45137C5C /* MessageService.swift */; };
		3CCA5AA05E9A868A634A520758C49A30 /* NetworkManager.swift in Sources */ = {isa = PBXBuildFile; fileRef = FB4EC4D59E0134CD15CF75197D446FDF /* NetworkManager.swift */; };
		3E4C2F98762139D930E4E85A72E3DDCD /* DeliFactory.swift in Sources */ = {isa = PBXBuildFile; fileRef = 4302CC5572C63F7B1CCC63B7CC312630 /* DeliFactory.swift */; };
		5A943B133B41366AD8BA0465FA152D74 /* Robot.swift in Sources */ = {isa = PBXBuildFile; fileRef = 7FC708552A9FC45FC5477E309B41D859 /* Robot.swift */; };
		5DD871CBE95361D94A1CAFF96E1E8A63 /* Book.swift in Sources */ = {isa = PBXBuildFile; fileRef = 44EA8FD5A20D5D1D3570FD467C3153B8 /* Book.swift */; };
		5E76D595327ADD99604FC36CD3D70B08 /* RobotBody.swift in Sources */ = {isa = PBXBuildFile; fileRef = 7C88059EDAD8B0BFFDE32D44BB19246D /* RobotBody.swift */; };
		5FCD2C8AF6ABAEA326D98E8A10FE73D0 /* UnicodeTest.swift in Sources */ = {isa = PBXBuildFile; fileRef = 82DD8F3B1C515D034322D4DBFC255EE5 /* UnicodeTest.swift */; };
		62BB6F7654F3E856087F2AF7EAEA0753 /* TestService.swift in Sources */ = {isa = PBXBuildFile; fileRef = D1A15ECE79CC62F0F9E8120B2EE5F45C /* TestService.swift */; };
		64585790795092A0E4A440DABFA8CD64 /* TestPayload.swift in Sources */ = {isa = PBXBuildFile; fileRef = 4DEA755926A811792ED93BD33CD8531F /* TestPayload.swift */; };
		64AB9EDB2E447FBC78BE56820AF80297 /* Science.swift in Sources */ = {isa = PBXBuildFile; fileRef = 67E870D46039941A96BC2957FA820204 /* Science.swift */; };
		6C369493CE47004983EB713746D17305 /* LibraryService.swift in Sources */ = {isa = PBXBuildFile; fileRef = 5B5AF2075F3884A53CAE45C2459D8349 /* LibraryService.swift */; };
		6D7B2E7D5122A3C30C4798E48B9B8413 /* HarryPotter.swift in Sources */ = {isa = PBXBuildFile; fileRef = 899365E3BF55B8026A44486D11E9EEA6 /* HarryPotter.swift */; };
		7FC9275B9615FDEF891053E0B6A5487B /* Friend.swift in Sources */ = {isa = PBXBuildFile; fileRef = 4A905921C55319193E602643060000B0 /* Friend.swift */; };
		7FD9C68CAC03D7C64DC86C557C05A447 /* UserPayload.swift in Sources */ = {isa = PBXBuildFile; fileRef = AB6B0CDF5DF8CE298E4287A7BE547313 /* UserPayload.swift */; };
		816AADB723A0DCA55549342B374D74BF /* AccountConfiguration.swift in Sources */ = {isa = PBXBuildFile; fileRef = 4B36BA7AAE60F324DA1EE2D69BA7E1FC /* AccountConfiguration.swift */; };
		83C169F5766D7BA36141B5434D593025 /* FriendListViewModel.swift in Sources */ = {isa = PBXBuildFile; fileRef = 2A5E203263420E5FD46B47F6E42556E4 /* FriendListViewModel.swift */; };
		8B1A1956EB75D9B35DE1ADFD873DEA27 /* FactoryTest.swift in Sources */ = {isa = PBXBuildFile; fileRef = 0DD3140BCC6E05DB4A355FBDA54D26E2 /* FactoryTest.swift */; };
		91EFEC2C8D33C9D21DDE9946437CDFDD /* UserViewModel.swift in Sources */ = {isa = PBXBuildFile; fileRef = 69258BBE4BB7303218CE13C62AAD53AF /* UserViewModel.swift */; };
		9D2316F6C0F9555545A5CDB5EFD6022B /* TroisiemeHumanite.swift in Sources */ = {isa = PBXBuildFile; fileRef = 520AC89C7066D82E2F3E25433E8F92D6 /* TroisiemeHumanite.swift */; };
		A3C0EED44E76F9896BA33ECC22E51118 /* WeakViewModel.swift in Sources */ = {isa = PBXBuildFile; fileRef = 2EA02C2D8D630CA651ECFBBF09B5CE27 /* WeakViewModel.swift */; };
		A9AFE65B97DD67590E142B30E6BDC83D /* FriendPayload.swift in Sources */ = {isa = PBXBuildFile; fileRef = E1D7740EC13F0920EEA4F2C8771CC033 /* FriendPayload.swift */; };
		C4ED2496D91EABA031B920F48DABE154 /* COSMOS.swift in Sources */ = {isa = PBXBuildFile; fileRef = 422C76915A7A16F122216E260A135393 /* COSMOS.swift */; };
		C6ED799BA615FE80EA9F859C814FC9FA /* FriendInfoViewModel.swift in Sources */ = {isa = PBXBuildFile; fileRef = DA94B8BAE7BCA971D1E19E94179F4284 /* FriendInfoViewModel.swift */; };
		D874F4ADAF761AEBC087873F36D6C40C /* TestView1.swift in Sources */ = {isa = PBXBuildFile; fileRef = BC767322CE91E049C9C477119766C9A5 /* TestView1.swift */; };
		DFA78DAA082C3CA79DBD53CF39FFD3B2 /* RobotFactory.swift in Sources */ = {isa = PBXBuildFile; fileRef = D3BE05E36A0773C2B5C7980D02B91927 /* RobotFactory.swift */; };
		E7C0CA75A8D3DACE1F187A322686A055 /* Novel.swift in Sources */ = {isa = PBXBuildFile; fileRef = 2DBE21512851B9BAA35F1AB5BA978275 /* Novel.swift */; };
		E8197E26D9843B1BE5C5CFA1530BA225 /* TestView2.swift in Sources */ = {isa = PBXBuildFile; fileRef = EA767072C37295E31B96B283BD14CE26 /* TestView2.swift */; };
		F7E4D84F5889655A6757AF6C936BEA2C /* RobotHead.swift in Sources */ = {isa = PBXBuildFile; fileRef = 01C2217C70A580CED0CCD0F0578A0CEF /* RobotHead.swift */; };
		F8991A5C330472B503A9921B43FD0A77 /* TestView3.swift in Sources */ = {isa = PBXBuildFile; fileRef = 0EC156798F94B9B69B5F373352324C0E /* TestView3.swift */; };
/* End PBXBuildFile section */

/* Begin PBXCopyFilesBuildPhase section */
		358DEA68CB4305FD90903BDEED21C19E /* CopyFiles */ = {
			isa = PBXCopyFilesBuildPhase;
			buildActionMask = 2147483647;
			dstPath = /usr/share/man/man1/;
			dstSubfolderSpec = 0;
			files = (
			);
			runOnlyForDeploymentPostprocessing = 1;
		};
/* End PBXCopyFilesBuildPhase section */

/* Begin PBXFileReference section */
		01C2217C70A580CED0CCD0F0578A0CEF /* RobotHead.swift */ = {isa = PBXFileReference; fileEncoding = 4; lastKnownFileType = sourcecode.swift; path = RobotHead.swift; sourceTree = "<group>"; };
		0DD3140BCC6E05DB4A355FBDA54D26E2 /* FactoryTest.swift */ = {isa = PBXFileReference; lastKnownFileType = sourcecode.swift; path = FactoryTest.swift; sourceTree = "<group>"; };
		0EC156798F94B9B69B5F373352324C0E /* TestView3.swift */ = {isa = PBXFileReference; lastKnownFileType = sourcecode.swift; path = TestView3.swift; sourceTree = "<group>"; };
		2A5E203263420E5FD46B47F6E42556E4 /* FriendListViewModel.swift */ = {isa = PBXFileReference; lastKnownFileType = sourcecode.swift; path = FriendListViewModel.swift; sourceTree = "<group>"; };
		2DBE21512851B9BAA35F1AB5BA978275 /* Novel.swift */ = {isa = PBXFileReference; fileEncoding = 4; lastKnownFileType = sourcecode.swift; path = Novel.swift; sourceTree = "<group>"; };
		2EA02C2D8D630CA651ECFBBF09B5CE27 /* WeakViewModel.swift */ = {isa = PBXFileReference; fileEncoding = 4; lastKnownFileType = sourcecode.swift; path = WeakViewModel.swift; sourceTree = "<group>"; };
		422C76915A7A16F122216E260A135393 /* COSMOS.swift */ = {isa = PBXFileReference; fileEncoding = 4; lastKnownFileType = sourcecode.swift; path = COSMOS.swift; sourceTree = "<group>"; };
		4302CC5572C63F7B1CCC63B7CC312630 /* DeliFactory.swift */ = {isa = PBXFileReference; fileEncoding = 4; lastKnownFileType = sourcecode.swift; path = DeliFactory.swift; sourceTree = "<group>"; };
		44EA8FD5A20D5D1D3570FD467C3153B8 /* Book.swift */ = {isa = PBXFileReference; fileEncoding = 4; lastKnownFileType = sourcecode.swift; path = Book.swift; sourceTree = "<group>"; };
		4A905921C55319193E602643060000B0 /* Friend.swift */ = {isa = PBXFileReference; lastKnownFileType = sourcecode.swift; path = Friend.swift; sourceTree = "<group>"; };
		4B36BA7AAE60F324DA1EE2D69BA7E1FC /* AccountConfiguration.swift */ = {isa = PBXFileReference; fileEncoding = 4; lastKnownFileType = sourcecode.swift; path = AccountConfiguration.swift; sourceTree = "<group>"; };
		4DEA755926A811792ED93BD33CD8531F /* TestPayload.swift */ = {isa = PBXFileReference; lastKnownFileType = sourcecode.swift; path = TestPayload.swift; sourceTree = "<group>"; };
		520AC89C7066D82E2F3E25433E8F92D6 /* TroisiemeHumanite.swift */ = {isa = PBXFileReference; fileEncoding = 4; lastKnownFileType = sourcecode.swift; path = TroisiemeHumanite.swift; sourceTree = "<group>"; };
		5B5AF2075F3884A53CAE45C2459D8349 /* LibraryService.swift */ = {isa = PBXFileReference; fileEncoding = 4; lastKnownFileType = sourcecode.swift; path = LibraryService.swift; sourceTree = "<group>"; };
		67E870D46039941A96BC2957FA820204 /* Science.swift */ = {isa = PBXFileReference; fileEncoding = 4; lastKnownFileType = sourcecode.swift; path = Science.swift; sourceTree = "<group>"; };
		69258BBE4BB7303218CE13C62AAD53AF /* UserViewModel.swift */ = {isa = PBXFileReference; lastKnownFileType = sourcecode.swift; path = UserViewModel.swift; sourceTree = "<group>"; };
		7C88059EDAD8B0BFFDE32D44BB19246D /* RobotBody.swift */ = {isa = PBXFileReference; fileEncoding = 4; lastKnownFileType = sourcecode.swift; path = RobotBody.swift; sourceTree = "<group>"; };
		7FC708552A9FC45FC5477E309B41D859 /* Robot.swift */ = {isa = PBXFileReference; fileEncoding = 4; lastKnownFileType = sourcecode.swift; path = Robot.swift; sourceTree = "<group>"; };
		82DD8F3B1C515D034322D4DBFC255EE5 /* UnicodeTest.swift */ = {isa = PBXFileReference; fileEncoding = 4; lastKnownFileType = sourcecode.swift; path = UnicodeTest.swift; sourceTree = "<group>"; };
		899365E3BF55B8026A44486D11E9EEA6 /* HarryPotter.swift */ = {isa = PBXFileReference; fileEncoding = 4; lastKnownFileType = sourcecode.swift; path = HarryPotter.swift; sourceTree = "<group>"; };
		974DF1712AB936440530D258C2283E5C /* AccountService.swift */ = {isa = PBXFileReference; fileEncoding = 4; lastKnownFileType = sourcecode.swift; path = AccountService.swift; sourceTree = "<group>"; };
		AB6B0CDF5DF8CE298E4287A7BE547313 /* UserPayload.swift */ = {isa = PBXFileReference; lastKnownFileType = sourcecode.swift; path = UserPayload.swift; sourceTree = "<group>"; };
		AB8A423C66F6B5926B7C391999AF2971 /* TestViewModel.swift */ = {isa = PBXFileReference; fileEncoding = 4; lastKnownFileType = sourcecode.swift; path = TestViewModel.swift; sourceTree = "<group>"; };
		B67822726F102FDB1F2B850C45137C5C /* MessageService.swift */ = {isa = PBXFileReference; fileEncoding = 4; lastKnownFileType = sourcecode.swift; path = MessageService.swift; sourceTree = "<group>"; };
		BC767322CE91E049C9C477119766C9A5 /* TestView1.swift */ = {isa = PBXFileReference; fileEncoding = 4; lastKnownFileType = sourcecode.swift; path = TestView1.swift; sourceTree = "<group>"; };
		D1A15ECE79CC62F0F9E8120B2EE5F45C /* TestService.swift */ = {isa = PBXFileReference; fileEncoding = 4; lastKnownFileType = sourcecode.swift; path = TestService.swift; sourceTree = "<group>"; };
		D3BE05E36A0773C2B5C7980D02B91927 /* RobotFactory.swift */ = {isa = PBXFileReference; fileEncoding = 4; lastKnownFileType = sourcecode.swift; path = RobotFactory.swift; sourceTree = "<group>"; };
		D97FFF7E659510B8CDF4DD083BE228C1 /* FriendService.swift */ = {isa = PBXFileReference; fileEncoding = 4; lastKnownFileType = sourcecode.swift; path = FriendService.swift; sourceTree = "<group>"; };
		DA94B8BAE7BCA971D1E19E94179F4284 /* FriendInfoViewModel.swift */ = {isa = PBXFileReference; lastKnownFileType = sourcecode.swift; path = FriendInfoViewModel.swift; sourceTree = "<group>"; };
		E1D7740EC13F0920EEA4F2C8771CC033 /* FriendPayload.swift */ = {isa = PBXFileReference; lastKnownFileType = sourcecode.swift; path = FriendPayload.swift; sourceTree = "<group>"; };
		EA767072C37295E31B96B283BD14CE26 /* TestView2.swift */ = {isa = PBXFileReference; fileEncoding = 4; lastKnownFileType = sourcecode.swift; path = TestView2.swift; sourceTree = "<group>"; };
		FB4EC4D59E0134CD15CF75197D446FDF /* NetworkManager.swift */ = {isa = PBXFileReference; fileEncoding = 4; lastKnownFileType = sourcecode.swift; path = NetworkManager.swift; sourceTree = "<group>"; };
		FEF42B3E8C9A68735FAE716BC18A83E3 /* DeliSample */ = {isa = PBXFileReference; explicitFileType = "compiled.mach-o.executable"; includeInIndex = 0; path = DeliSample; sourceTree = BUILT_PRODUCTS_DIR; };
/* End PBXFileReference section */

/* Begin PBXFrameworksBuildPhase section */
		6F7F59E5944B4EFF9F1279DB55D3A597 /* Frameworks */ = {
			isa = PBXFrameworksBuildPhase;
			buildActionMask = 2147483647;
			files = (
			);
			runOnlyForDeploymentPostprocessing = 0;
		};
/* End PBXFrameworksBuildPhase section */

/* Begin PBXGroup section */
		730808D7536A9DB03A7CAA389FE4A963 = {
			isa = PBXGroup;
			children = (
				FB242AA8EDAF250A853CE317CFC0F602 /* DeliSample */,
				B427B8930AD067E4FAD89A8F8A4AD498 /* Products */,
			);
			sourceTree = "<group>";
		};
		779936F84496CB222F99D0207DE76029 /* Book */ = {
			isa = PBXGroup;
			children = (
				44EA8FD5A20D5D1D3570FD467C3153B8 /* Book.swift */,
				422C76915A7A16F122216E260A135393 /* COSMOS.swift */,
				899365E3BF55B8026A44486D11E9EEA6 /* HarryPotter.swift */,
				2DBE21512851B9BAA35F1AB5BA978275 /* Novel.swift */,
				67E870D46039941A96BC2957FA820204 /* Science.swift */,
				520AC89C7066D82E2F3E25433E8F92D6 /* TroisiemeHumanite.swift */,
			);
			path = Book;
			sourceTree = "<group>";
		};
		0A2AD82E346428915D584F63F7F7656F /* Robot */ = {
			isa = PBXGroup;
			children = (
				7FC708552A9FC45FC5477E309B41D859 /* Robot.swift */,
				7C88059EDAD8B0BFFDE32D44BB19246D /* RobotBody.swift */,
				D3BE05E36A0773C2B5C7980D02B91927 /* RobotFactory.swift */,
				01C2217C70A580CED0CCD0F0578A0CEF /* RobotHead.swift */,
			);
			path = Robot;
			sourceTree = "<group>";
		};
		B427B8930AD067E4FAD89A8F8A4AD498 /* Products */ = {
			isa = PBXGroup;
			children = (
				FEF42B3E8C9A68735FAE716BC18A83E3 /* DeliSample */,
			);
			name = Products;
			sourceTree = "<group>";
		};
		FB242AA8EDAF250A853CE317CFC0F602 /* DeliSample */ = {
			isa = PBXGroup;
			children = (
				779936F84496CB222F99D0207DE76029 /* Book */,
				0A2AD82E346428915D584F63F7F7656F /* Robot */,
				4B36BA7AAE60F324DA1EE2D69BA7E1FC /* AccountConfiguration.swift */,
				974DF1712AB936440530D258C2283E5C /* AccountService.swift */,
				4302CC5572C63F7B1CCC63B7CC312630 /* DeliFactory.swift */,
				0DD3140BCC6E05DB4A355FBDA54D26E2 /* FactoryTest.swift */,
				4A905921C55319193E602643060000B0 /* Friend.swift */,
				DA94B8BAE7BCA971D1E19E94179F4284 /* FriendInfoViewModel.swift */,
				2A5E203263420E5FD46B47F6E42556E4 /* FriendListViewModel.swift */,
				E1D7740EC13F0920EEA4F2C8771CC033 /* FriendPayload.swift */,
				D97FFF7E659510B8CDF4DD083BE228C1 /* FriendService.swift */,
				5B5AF2075F3884A53CAE45C2459D8349 /* LibraryService.swift */,
				B67822726F102FDB1F2B850C45137C5C /* MessageService.swift */,
				FB4EC4D59E0134CD15CF75197D446FDF /* NetworkManager.swift */,
				4DEA755926A811792ED93BD33CD8531F /* TestPayload.swift */,
				D1A15ECE79CC62F0F9E8120B2EE5F45C /* TestService.swift */,
				BC767322CE91E049C9C477119766C9A5 /* TestView1.swift */,
				EA767072C37295E31B96B283BD14CE26 /* TestView2.swift */,
				0EC156798F94B9B69B5F373352324C0E /* TestView3.swift */,
				AB8A423C66F6B5926B7C391999AF2971 /* TestViewModel.swift */,
				82DD8F3B1C515D034322D4DBFC255EE5 /* UnicodeTest.swift */,
				AB6B0CDF5DF8CE298E4287A7BE547313 /* UserPayload.swift */,
				69258BBE4BB7303218CE13C62AAD53AF /* UserViewModel.swift */,
				2EA02C2D8D630CA651ECFBBF09B5CE27 /* WeakViewModel.swift */,
			);
			name = DeliSample;
			path = Tests/DeliTests/DeliSample;
			sourceTree = "<group>";
		};
/* End PBXGroup section */

/* Begin PBXNativeTarget section */
		DCF8FABC6E5BF9B506493ED23B6EFF2C /* DeliSample */ = {
			isa = PBXNativeTarget;
			buildConfigurationList = 2CE481D6E24E02379E089EAC14F5A84C /* Build configuration list for PBXNativeTarget "DeliSample" */;
			buildPhases = (
				0ECC16227866E92DCE7DD7DA5011A981 /* Sources */,
				6F7F59E5944B4EFF9F1279DB55D3A597 /* Frameworks */,
				358DEA68CB4305FD90903BDEED21C19E /* CopyFiles */,
			);
			buildRules = (
			);
			dependencies = (
			);
			name = DeliSample;
			productName = DeliSample;
			productReference = FEF42B3E8C9A68735FAE716BC18A83E3 /* DeliSample */;
			productType = "com.apple.product-type.tool";
		};
/* End PBXNativeTarget section */

/* Begin PBXProject section */
		6C062817D7525891B1ACDA3795AB09CE /* Project object */ = {
			isa = PBXProject;
			attributes = {
				LastSwiftUpdateCheck = 0930;
				LastUpgradeCheck = 0930;
				ORGANIZATIONNAME = Kawoou;
				TargetAttributes = {
					DCF8FABC6E5BF9B506493ED23B6EFF2C = {
						CreatedOnToolsVersion = 9.3;
					};
				};
			};
			buildConfigurationList = 4B42BFA77EF170872D3414EFA2C288E6 /* Build configuration list for PBXProject "DeliSample" */;
			compatibilityVersion = "Xcode 9.3";
			developmentRegion = en;
			hasScannedForEncodings = 0;
			knownRegions = (
				en,
			);
			mainGroup = 730808D7536A9DB03A7CAA389FE4A963;
			productRefGroup = B427B8930AD067E4FAD89A8F8A4AD498 /* Products */;
			projectDirPath = "";
			projectRoot = "";
			targets = (
				DCF8FABC6E5BF9B506493ED23B6EFF2C /* DeliSample */,
			);
		};
/* End PBXProject section */

/* Begin PBXSourcesBuildPhase section */
		0ECC16227866E92DCE7DD7DA5011A981 /* Sources */ = {
			isa = PBXSourcesBuildPhase;
			buildActionMask = 2147483647;
			files = (
				816AADB723A0DCA55549342B374D74BF /* AccountConfiguration.swift in Sources */,
				18221D464D8ED18D2592C8677532984F /* AccountService.swift in Sources */,
				5DD871CBE95361D94A1CAFF96E1E8A63 /* Book.swift in Sources */,
				C4ED2496D91EABA031B920F48DABE154 /* COSMOS.swift in Sources */,
				3E4C2F98762139D930E4E85A72E3DDCD /* DeliFactory.swift in Sources */,
				8B1A1956EB75D9B35DE1ADFD873DEA27 /* FactoryTest.swift in Sources */,
				7FC9275B9615FDEF891053E0B6A5487B /* Friend.swift in Sources */,
				C6ED799BA615FE80EA9F859C814FC9FA /* FriendInfoViewModel.swift in Sources */,
				83C169F5766D7BA36141B5434D593025 /* FriendListViewModel.swift in Sources */,
				A9AFE65B97DD67590E142B30E6BDC83D /* FriendPayload.swift in Sources */,
				1BD03AD2D1E33B5C125D929C2B04CA8E /* FriendService.swift in Sources */,
				6D7B2E7D5122A3C30C4798E48B9B8413 /* HarryPotter.swift in Sources */,
				6C369493CE47004983EB713746D17305 /* LibraryService.swift in Sources */,
				3B7B1139F292080EF521540F9391470A /* MessageService.swift in Sources */,
				3CCA5AA05E9A868A634A520758C49A30 /* NetworkManager.swift in Sources */,
				E7C0CA75A8D3DACE1F187A322686A055 /* Novel.swift in Sources */,
				5A943B133B41366AD8BA0465FA152D74 /* Robot.swift in Sources */,
				5E76D595327ADD99604FC36CD3D70B08 /* RobotBody.swift in Sources */,
				DFA78DAA082C3CA79DBD53CF39FFD3B2 /* RobotFactory.swift in Sources */,
				F7E4D84F5889655A6757AF6C936BEA2C /* RobotHead.swift in Sources */,
				64AB9EDB2E447FBC78BE56820AF80297 /* Science.swift in Sources */,
				64585790795092A0E4A440DABFA8CD64 /* TestPayload.swift in Sources */,
				62BB6F7654F3E856087F2AF7EAEA0753 /* TestService.swift in Sources */,
				D874F4ADAF761AEBC087873F36D6C40C /* TestView1.swift in Sources */,
				E8197E26D9843B1BE5C5CFA1530BA225 /* TestView2.swift in Sources */,
				F8991A5C330472B503A9921B43FD0A77 /* TestView3.swift in Sources */,
				349F1C05C22BDDFE30608A860FF9272B /* TestViewModel.swift in Sources */,
				9D2316F6C0F9555545A5CDB5EFD6022B /* TroisiemeHumanite.swift in Sources */,
				5FCD2C8AF6ABAEA326D98E8A10FE73D0 /* UnicodeTest.swift in Sources */,
				7FD9C68CAC03D7C64DC86C557C05A447 /* UserPayload.swift in Sources */,
				91EFEC2C8D33C9D21DDE9946437CDFDD /* UserViewModel.swift in Sources */,
				A3C0EED44E76F9896BA33ECC22E51118 /* WeakViewModel.swift in Sources */,
			);
			runOnlyForDeploymentPostprocessing = 0;
		};
/* End PBXSourcesBuildPhase section */

/* Begin XCBuildConfiguration section */
		77CB474C05CE434694B7FF0A226399C7 /* Release */ = {
			isa = XCBuildConfiguration;
			buildSettings = {
				CODE_SIGN_STYLE = Automatic;
				DEVELOPMENT_TEAM = 4U2J29Y5X8;
				PRODUCT_NAME = "$(TARGET_NAME)";
				SWIFT_VERSION = 4.0;
			};
			name = Release;
		};
		7DFB6E63989DAB2055F9A2FDCC29750D /* Debug */ = {
			isa = XCBuildConfiguration;
			buildSettings = {
				ALWAYS_SEARCH_USER_PATHS = NO;
				CLANG_ANALYZER_NONNULL = YES;
				CLANG_ANALYZER_NUMBER_OBJECT_CONVERSION = YES_AGGRESSIVE;
				CLANG_CXX_LANGUAGE_STANDARD = "gnu++14";
				CLANG_CXX_LIBRARY = "libc++";
				CLANG_ENABLE_MODULES = YES;
				CLANG_ENABLE_OBJC_ARC = YES;
				CLANG_ENABLE_OBJC_WEAK = YES;
				CLANG_WARN_BLOCK_CAPTURE_AUTORELEASING = YES;
				CLANG_WARN_BOOL_CONVERSION = YES;
				CLANG_WARN_COMMA = YES;
				CLANG_WARN_CONSTANT_CONVERSION = YES;
				CLANG_WARN_DEPRECATED_OBJC_IMPLEMENTATIONS = YES;
				CLANG_WARN_DIRECT_OBJC_ISA_USAGE = YES_ERROR;
				CLANG_WARN_DOCUMENTATION_COMMENTS = YES;
				CLANG_WARN_EMPTY_BODY = YES;
				CLANG_WARN_ENUM_CONVERSION = YES;
				CLANG_WARN_INFINITE_RECURSION = YES;
				CLANG_WARN_INT_CONVERSION = YES;
				CLANG_WARN_NON_LITERAL_NULL_CONVERSION = YES;
				CLANG_WARN_OBJC_IMPLICIT_RETAIN_SELF = YES;
				CLANG_WARN_OBJC_LITERAL_CONVERSION = YES;
				CLANG_WARN_OBJC_ROOT_CLASS = YES_ERROR;
				CLANG_WARN_RANGE_LOOP_ANALYSIS = YES;
				CLANG_WARN_STRICT_PROTOTYPES = YES;
				CLANG_WARN_SUSPICIOUS_MOVE = YES;
				CLANG_WARN_UNGUARDED_AVAILABILITY = YES_AGGRESSIVE;
				CLANG_WARN_UNREACHABLE_CODE = YES;
				CLANG_WARN__DUPLICATE_METHOD_MATCH = YES;
				CODE_SIGN_IDENTITY = "Mac Developer";
				COPY_PHASE_STRIP = NO;
				DEBUG_INFORMATION_FORMAT = dwarf;
				ENABLE_STRICT_OBJC_MSGSEND = YES;
				ENABLE_TESTABILITY = YES;
				GCC_C_LANGUAGE_STANDARD = gnu11;
				GCC_DYNAMIC_NO_PIC = NO;
				GCC_NO_COMMON_BLOCKS = YES;
				GCC_OPTIMIZATION_LEVEL = 0;
				GCC_PREPROCESSOR_DEFINITIONS = (
					"DEBUG=1",
					"$(inherited)",
				);
				GCC_WARN_64_TO_32_BIT_CONVERSION = YES;
				GCC_WARN_ABOUT_RETURN_TYPE = YES_ERROR;
				GCC_WARN_UNDECLARED_SELECTOR = YES;
				GCC_WARN_UNINITIALIZED_AUTOS = YES_AGGRESSIVE;
				GCC_WARN_UNUSED_FUNCTION = YES;
				GCC_WARN_UNUSED_VARIABLE = YES;
				MACOSX_DEPLOYMENT_TARGET = 10.13;
				MTL_ENABLE_DEBUG_INFO = YES;
				ONLY_ACTIVE_ARCH = YES;
				SDKROOT = macosx;
				SWIFT_ACTIVE_COMPILATION_CONDITIONS = DEBUG;
				SWIFT_OPTIMIZATION_LEVEL = "-Onone";
			};
			name = Debug;
		};
		7FE4DC4F042E0FD195785430771044D3 /* Debug */ = {
			isa = XCBuildConfiguration;
			buildSettings = {
				CODE_SIGN_STYLE = Automatic;
				DEVELOPMENT_TEAM = 4U2J29Y5X8;
				PRODUCT_NAME = "$(TARGET_NAME)";
				SWIFT_VERSION = 4.0;
			};
			name = Debug;
		};
		A447F8566102E3A5803BA544597CFF73 /* Release */ = {
			isa = XCBuildConfiguration;
			buildSettings = {
				ALWAYS_SEARCH_USER_PATHS = NO;
				CLANG_ANALYZER_NONNULL = YES;
				CLANG_ANALYZER_NUMBER_OBJECT_CONVERSION = YES_AGGRESSIVE;
				CLANG_CXX_LANGUAGE_STANDARD = "gnu++14";
				CLANG_CXX_LIBRARY = "libc++";
				CLANG_ENABLE_MODULES = YES;
				CLANG_ENABLE_OBJC_ARC = YES;
				CLANG_ENABLE_OBJC_WEAK = YES;
				CLANG_WARN_BLOCK_CAPTURE_AUTORELEASING = YES;
				CLANG_WARN_BOOL_CONVERSION = YES;
				CLANG_WARN_COMMA = YES;
				CLANG_WARN_CONSTANT_CONVERSION = YES;
				CLANG_WARN_DEPRECATED_OBJC_IMPLEMENTATIONS = YES;
				CLANG_WARN_DIRECT_OBJC_ISA_USAGE = YES_ERROR;
				CLANG_WARN_DOCUMENTATION_COMMENTS = YES;
				CLANG_WARN_EMPTY_BODY = YES;
				CLANG_WARN_ENUM_CONVERSION = YES;
				CLANG_WARN_INFINITE_RECURSION = YES;
				CLANG_WARN_INT_CONVERSION = YES;
				CLANG_WARN_NON_LITERAL_NULL_CONVERSION = YES;
				CLANG_WARN_OBJC_IMPLICIT_RETAIN_SELF = YES;
				CLANG_WARN_OBJC_LITERAL_CONVERSION = YES;
				CLANG_WARN_OBJC_ROOT_CLASS = YES_ERROR;
				CLANG_WARN_RANGE_LOOP_ANALYSIS = YES;
				CLANG_WARN_STRICT_PROTOTYPES = YES;
				CLANG_WARN_SUSPICIOUS_MOVE = YES;
				CLANG_WARN_UNGUARDED_AVAILABILITY = YES_AGGRESSIVE;
				CLANG_WARN_UNREACHABLE_CODE = YES;
				CLANG_WARN__DUPLICATE_METHOD_MATCH = YES;
				CODE_SIGN_IDENTITY = "Mac Developer";
				COPY_PHASE_STRIP = NO;
				DEBUG_INFORMATION_FORMAT = "dwarf-with-dsym";
				ENABLE_NS_ASSERTIONS = NO;
				ENABLE_STRICT_OBJC_MSGSEND = YES;
				GCC_C_LANGUAGE_STANDARD = gnu11;
				GCC_NO_COMMON_BLOCKS = YES;
				GCC_WARN_64_TO_32_BIT_CONVERSION = YES;
				GCC_WARN_ABOUT_RETURN_TYPE = YES_ERROR;
				GCC_WARN_UNDECLARED_SELECTOR = YES;
				GCC_WARN_UNINITIALIZED_AUTOS = YES_AGGRESSIVE;
				GCC_WARN_UNUSED_FUNCTION = YES;
				GCC_WARN_UNUSED_VARIABLE = YES;
				MACOSX_DEPLOYMENT_TARGET = 10.13;
				MTL_ENABLE_DEBUG_INFO = NO;
				SDKROOT = macosx;
				SWIFT_COMPILATION_MODE = wholemodule;
				SWIFT_OPTIMIZATION_LEVEL = "-O";
			};
			name = Release;
		};
/* End XCBuildConfiguration section */

/* Begin XCConfigurationList section */
		2CE481D6E24E02379E089EAC14F5A84C /* Build configuration list for PBXNativeTarget "DeliSample" */ = {
			isa = XCConfigurationList;
			buildConfigurations = (
				7FE4DC4F042E0FD195785430771044D3 /* Debug */,
				77CB474C05CE434694B7FF0A226399C7 /* Release */,
			);
			defaultConfigurationIsVisible = 0;
			defaultConfigurationName = Release;
		};
		4B42BFA77EF170872D3414EFA2C288E6 /* Build configuration list for PBXProject "DeliSample" */ = {
			isa = XCConfigurationList;
			buildConfigurations = (
				7DFB6E63989DAB2055F9A2FDCC29750D /* Debug */,
				A447F8566102E3A5803BA544597CFF73 /* Release */,
			);
			defaultConfigurationIsVisible = 0;
			defaultConfigurationName = Release;
		};
/* End XCConfigurationList section */
	};
	rootObject = 6C062817D7525891B1ACDA3795AB09CE /* Project object */;
}
